// !$*UTF8*$!
{
	archiveVersion = 1;
	classes = {
	};
	objectVersion = 50;
	objects = {

/* Begin PBXBuildFile section */
		027BD90A26582D680089501C /* AppDelegate.swift in Sources */ = {isa = PBXBuildFile; fileRef = 027BD90926582D680089501C /* AppDelegate.swift */; };
		027BD90E26582D680089501C /* ViewController.swift in Sources */ = {isa = PBXBuildFile; fileRef = 027BD90D26582D680089501C /* ViewController.swift */; };
		027BD91126582D680089501C /* Main.storyboard in Resources */ = {isa = PBXBuildFile; fileRef = 027BD90F26582D680089501C /* Main.storyboard */; };
		027BD91326582D690089501C /* Assets.xcassets in Resources */ = {isa = PBXBuildFile; fileRef = 027BD91226582D690089501C /* Assets.xcassets */; };
		027BD91626582D690089501C /* LaunchScreen.storyboard in Resources */ = {isa = PBXBuildFile; fileRef = 027BD91426582D690089501C /* LaunchScreen.storyboard */; };
		027BD92726584BEB0089501C /* Permissionable.swift in Sources */ = {isa = PBXBuildFile; fileRef = 027BD92626584BEB0089501C /* Permissionable.swift */; };
		027BD92D26584C070089501C /* NotificationPermission.swift in Sources */ = {isa = PBXBuildFile; fileRef = 027BD92C26584C070089501C /* NotificationPermission.swift */; };
		027BD93026584C2A0089501C /* PermissionDialog.swift in Sources */ = {isa = PBXBuildFile; fileRef = 027BD92F26584C2A0089501C /* PermissionDialog.swift */; };
		027BD93326584C430089501C /* Permission.swift in Sources */ = {isa = PBXBuildFile; fileRef = 027BD93226584C430089501C /* Permission.swift */; };
		027BD93926584CC50089501C /* CameraPermission.swift in Sources */ = {isa = PBXBuildFile; fileRef = 027BD93826584CC50089501C /* CameraPermission.swift */; };
/* End PBXBuildFile section */

/* Begin PBXFileReference section */
		027BD90626582D680089501C /* PermissionDemo.app */ = {isa = PBXFileReference; explicitFileType = wrapper.application; includeInIndex = 0; path = PermissionDemo.app; sourceTree = BUILT_PRODUCTS_DIR; };
		027BD90926582D680089501C /* AppDelegate.swift */ = {isa = PBXFileReference; lastKnownFileType = sourcecode.swift; path = AppDelegate.swift; sourceTree = "<group>"; };
		027BD90D26582D680089501C /* ViewController.swift */ = {isa = PBXFileReference; lastKnownFileType = sourcecode.swift; path = ViewController.swift; sourceTree = "<group>"; };
		027BD91026582D680089501C /* Base */ = {isa = PBXFileReference; lastKnownFileType = file.storyboard; name = Base; path = Base.lproj/Main.storyboard; sourceTree = "<group>"; };
		027BD91226582D690089501C /* Assets.xcassets */ = {isa = PBXFileReference; lastKnownFileType = folder.assetcatalog; path = Assets.xcassets; sourceTree = "<group>"; };
		027BD91526582D690089501C /* Base */ = {isa = PBXFileReference; lastKnownFileType = file.storyboard; name = Base; path = Base.lproj/LaunchScreen.storyboard; sourceTree = "<group>"; };
		027BD91726582D690089501C /* Info.plist */ = {isa = PBXFileReference; lastKnownFileType = text.plist.xml; path = Info.plist; sourceTree = "<group>"; };
		027BD92626584BEB0089501C /* Permissionable.swift */ = {isa = PBXFileReference; lastKnownFileType = sourcecode.swift; path = Permissionable.swift; sourceTree = "<group>"; };
		027BD92C26584C070089501C /* NotificationPermission.swift */ = {isa = PBXFileReference; lastKnownFileType = sourcecode.swift; path = NotificationPermission.swift; sourceTree = "<group>"; };
		027BD92F26584C2A0089501C /* PermissionDialog.swift */ = {isa = PBXFileReference; lastKnownFileType = sourcecode.swift; path = PermissionDialog.swift; sourceTree = "<group>"; };
		027BD93226584C430089501C /* Permission.swift */ = {isa = PBXFileReference; lastKnownFileType = sourcecode.swift; path = Permission.swift; sourceTree = "<group>"; };
		027BD93826584CC50089501C /* CameraPermission.swift */ = {isa = PBXFileReference; lastKnownFileType = sourcecode.swift; path = CameraPermission.swift; sourceTree = "<group>"; };
/* End PBXFileReference section */

/* Begin PBXFrameworksBuildPhase section */
		027BD90326582D680089501C /* Frameworks */ = {
			isa = PBXFrameworksBuildPhase;
			buildActionMask = 2147483647;
			files = (
			);
			runOnlyForDeploymentPostprocessing = 0;
		};
/* End PBXFrameworksBuildPhase section */

/* Begin PBXGroup section */
		027BD8FD26582D680089501C = {
			isa = PBXGroup;
			children = (
				027BD90826582D680089501C /* PermissionDemo */,
				027BD90726582D680089501C /* Products */,
			);
			sourceTree = "<group>";
		};
		027BD90726582D680089501C /* Products */ = {
			isa = PBXGroup;
			children = (
				027BD90626582D680089501C /* PermissionDemo.app */,
			);
			name = Products;
			sourceTree = "<group>";
		};
		027BD90826582D680089501C /* PermissionDemo */ = {
			isa = PBXGroup;
			children = (
				027BD92526584BD50089501C /* Permission */,
				027BD90926582D680089501C /* AppDelegate.swift */,
				027BD90D26582D680089501C /* ViewController.swift */,
				027BD90F26582D680089501C /* Main.storyboard */,
				027BD91226582D690089501C /* Assets.xcassets */,
				027BD91426582D690089501C /* LaunchScreen.storyboard */,
				027BD91726582D690089501C /* Info.plist */,
			);
			path = PermissionDemo;
			sourceTree = "<group>";
		};
		027BD92526584BD50089501C /* Permission */ = {
			isa = PBXGroup;
			children = (
				027BD92A26584BF00089501C /* Permissionable */,
				027BD93226584C430089501C /* Permission.swift */,
				027BD92F26584C2A0089501C /* PermissionDialog.swift */,
			);
			path = Permission;
			sourceTree = "<group>";
		};
		027BD92A26584BF00089501C /* Permissionable */ = {
			isa = PBXGroup;
			children = (
				027BD92626584BEB0089501C /* Permissionable.swift */,
				027BD92C26584C070089501C /* NotificationPermission.swift */,
				027BD93826584CC50089501C /* CameraPermission.swift */,
			);
			path = Permissionable;
			sourceTree = "<group>";
		};
/* End PBXGroup section */

/* Begin PBXNativeTarget section */
		027BD90526582D680089501C /* PermissionDemo */ = {
			isa = PBXNativeTarget;
			buildConfigurationList = 027BD91A26582D690089501C /* Build configuration list for PBXNativeTarget "PermissionDemo" */;
			buildPhases = (
				027BD90226582D680089501C /* Sources */,
				027BD90326582D680089501C /* Frameworks */,
				027BD90426582D680089501C /* Resources */,
			);
			buildRules = (
			);
			dependencies = (
			);
			name = PermissionDemo;
			productName = PermissionDemo;
			productReference = 027BD90626582D680089501C /* PermissionDemo.app */;
			productType = "com.apple.product-type.application";
		};
/* End PBXNativeTarget section */

/* Begin PBXProject section */
		027BD8FE26582D680089501C /* Project object */ = {
			isa = PBXProject;
			attributes = {
				LastSwiftUpdateCheck = 1240;
				LastUpgradeCheck = 1240;
				TargetAttributes = {
					027BD90526582D680089501C = {
						CreatedOnToolsVersion = 12.4;
					};
				};
			};
			buildConfigurationList = 027BD90126582D680089501C /* Build configuration list for PBXProject "PermissionDemo" */;
			compatibilityVersion = "Xcode 9.3";
			developmentRegion = en;
			hasScannedForEncodings = 0;
			knownRegions = (
				en,
				Base,
			);
			mainGroup = 027BD8FD26582D680089501C;
			productRefGroup = 027BD90726582D680089501C /* Products */;
			projectDirPath = "";
			projectRoot = "";
			targets = (
				027BD90526582D680089501C /* PermissionDemo */,
			);
		};
/* End PBXProject section */

/* Begin PBXResourcesBuildPhase section */
		027BD90426582D680089501C /* Resources */ = {
			isa = PBXResourcesBuildPhase;
			buildActionMask = 2147483647;
			files = (
				027BD91626582D690089501C /* LaunchScreen.storyboard in Resources */,
				027BD91326582D690089501C /* Assets.xcassets in Resources */,
				027BD91126582D680089501C /* Main.storyboard in Resources */,
			);
			runOnlyForDeploymentPostprocessing = 0;
		};
/* End PBXResourcesBuildPhase section */

/* Begin PBXSourcesBuildPhase section */
		027BD90226582D680089501C /* Sources */ = {
			isa = PBXSourcesBuildPhase;
			buildActionMask = 2147483647;
			files = (
				027BD90E26582D680089501C /* ViewController.swift in Sources */,
				027BD92726584BEB0089501C /* Permissionable.swift in Sources */,
				027BD93926584CC50089501C /* CameraPermission.swift in Sources */,
				027BD93326584C430089501C /* Permission.swift in Sources */,
				027BD90A26582D680089501C /* AppDelegate.swift in Sources */,
				027BD93026584C2A0089501C /* PermissionDialog.swift in Sources */,
				027BD92D26584C070089501C /* NotificationPermission.swift in Sources */,
			);
			runOnlyForDeploymentPostprocessing = 0;
		};
/* End PBXSourcesBuildPhase section */

/* Begin PBXVariantGroup section */
		027BD90F26582D680089501C /* Main.storyboard */ = {
			isa = PBXVariantGroup;
			children = (
				027BD91026582D680089501C /* Base */,
			);
			name = Main.storyboard;
			sourceTree = "<group>";
		};
		027BD91426582D690089501C /* LaunchScreen.storyboard */ = {
			isa = PBXVariantGroup;
			children = (
				027BD91526582D690089501C /* Base */,
			);
			name = LaunchScreen.storyboard;
			sourceTree = "<group>";
		};
/* End PBXVariantGroup section */

/* Begin XCBuildConfiguration section */
		027BD91826582D690089501C /* Debug */ = {
			isa = XCBuildConfiguration;
			buildSettings = {
				ALWAYS_SEARCH_USER_PATHS = NO;
				CLANG_ANALYZER_NONNULL = YES;
				CLANG_ANALYZER_NUMBER_OBJECT_CONVERSION = YES_AGGRESSIVE;
				CLANG_CXX_LANGUAGE_STANDARD = "gnu++14";
				CLANG_CXX_LIBRARY = "libc++";
				CLANG_ENABLE_MODULES = YES;
				CLANG_ENABLE_OBJC_ARC = YES;
				CLANG_ENABLE_OBJC_WEAK = YES;
				CLANG_WARN_BLOCK_CAPTURE_AUTORELEASING = YES;
				CLANG_WARN_BOOL_CONVERSION = YES;
				CLANG_WARN_COMMA = YES;
				CLANG_WARN_CONSTANT_CONVERSION = YES;
				CLANG_WARN_DEPRECATED_OBJC_IMPLEMENTATIONS = YES;
				CLANG_WARN_DIRECT_OBJC_ISA_USAGE = YES_ERROR;
				CLANG_WARN_DOCUMENTATION_COMMENTS = YES;
				CLANG_WARN_EMPTY_BODY = YES;
				CLANG_WARN_ENUM_CONVERSION = YES;
				CLANG_WARN_INFINITE_RECURSION = YES;
				CLANG_WARN_INT_CONVERSION = YES;
				CLANG_WARN_NON_LITERAL_NULL_CONVERSION = YES;
				CLANG_WARN_OBJC_IMPLICIT_RETAIN_SELF = YES;
				CLANG_WARN_OBJC_LITERAL_CONVERSION = YES;
				CLANG_WARN_OBJC_ROOT_CLASS = YES_ERROR;
				CLANG_WARN_QUOTED_INCLUDE_IN_FRAMEWORK_HEADER = YES;
				CLANG_WARN_RANGE_LOOP_ANALYSIS = YES;
				CLANG_WARN_STRICT_PROTOTYPES = YES;
				CLANG_WARN_SUSPICIOUS_MOVE = YES;
				CLANG_WARN_UNGUARDED_AVAILABILITY = YES_AGGRESSIVE;
				CLANG_WARN_UNREACHABLE_CODE = YES;
				CLANG_WARN__DUPLICATE_METHOD_MATCH = YES;
				COPY_PHASE_STRIP = NO;
				DEBUG_INFORMATION_FORMAT = dwarf;
				ENABLE_STRICT_OBJC_MSGSEND = YES;
				ENABLE_TESTABILITY = YES;
				GCC_C_LANGUAGE_STANDARD = gnu11;
				GCC_DYNAMIC_NO_PIC = NO;
				GCC_NO_COMMON_BLOCKS = YES;
				GCC_OPTIMIZATION_LEVEL = 0;
				GCC_PREPROCESSOR_DEFINITIONS = (
					"DEBUG=1",
					"$(inherited)",
				);
				GCC_WARN_64_TO_32_BIT_CONVERSION = YES;
				GCC_WARN_ABOUT_RETURN_TYPE = YES_ERROR;
				GCC_WARN_UNDECLARED_SELECTOR = YES;
				GCC_WARN_UNINITIALIZED_AUTOS = YES_AGGRESSIVE;
				GCC_WARN_UNUSED_FUNCTION = YES;
				GCC_WARN_UNUSED_VARIABLE = YES;
				IPHONEOS_DEPLOYMENT_TARGET = 14.4;
				MTL_ENABLE_DEBUG_INFO = INCLUDE_SOURCE;
				MTL_FAST_MATH = YES;
				ONLY_ACTIVE_ARCH = YES;
				SDKROOT = iphoneos;
				SWIFT_ACTIVE_COMPILATION_CONDITIONS = DEBUG;
				SWIFT_OPTIMIZATION_LEVEL = "-Onone";
			};
			name = Debug;
		};
		027BD91926582D690089501C /* Release */ = {
			isa = XCBuildConfiguration;
			buildSettings = {
				ALWAYS_SEARCH_USER_PATHS = NO;
				CLANG_ANALYZER_NONNULL = YES;
				CLANG_ANALYZER_NUMBER_OBJECT_CONVERSION = YES_AGGRESSIVE;
				CLANG_CXX_LANGUAGE_STANDARD = "gnu++14";
				CLANG_CXX_LIBRARY = "libc++";
				CLANG_ENABLE_MODULES = YES;
				CLANG_ENABLE_OBJC_ARC = YES;
				CLANG_ENABLE_OBJC_WEAK = YES;
				CLANG_WARN_BLOCK_CAPTURE_AUTORELEASING = YES;
				CLANG_WARN_BOOL_CONVERSION = YES;
				CLANG_WARN_COMMA = YES;
				CLANG_WARN_CONSTANT_CONVERSION = YES;
				CLANG_WARN_DEPRECATED_OBJC_IMPLEMENTATIONS = YES;
				CLANG_WARN_DIRECT_OBJC_ISA_USAGE = YES_ERROR;
				CLANG_WARN_DOCUMENTATION_COMMENTS = YES;
				CLANG_WARN_EMPTY_BODY = YES;
				CLANG_WARN_ENUM_CONVERSION = YES;
				CLANG_WARN_INFINITE_RECURSION = YES;
				CLANG_WARN_INT_CONVERSION = YES;
				CLANG_WARN_NON_LITERAL_NULL_CONVERSION = YES;
				CLANG_WARN_OBJC_IMPLICIT_RETAIN_SELF = YES;
				CLANG_WARN_OBJC_LITERAL_CONVERSION = YES;
				CLANG_WARN_OBJC_ROOT_CLASS = YES_ERROR;
				CLANG_WARN_QUOTED_INCLUDE_IN_FRAMEWORK_HEADER = YES;
				CLANG_WARN_RANGE_LOOP_ANALYSIS = YES;
				CLANG_WARN_STRICT_PROTOTYPES = YES;
				CLANG_WARN_SUSPICIOUS_MOVE = YES;
				CLANG_WARN_UNGUARDED_AVAILABILITY = YES_AGGRESSIVE;
				CLANG_WARN_UNREACHABLE_CODE = YES;
				CLANG_WARN__DUPLICATE_METHOD_MATCH = YES;
				COPY_PHASE_STRIP = NO;
				DEBUG_INFORMATION_FORMAT = "dwarf-with-dsym";
				ENABLE_NS_ASSERTIONS = NO;
				ENABLE_STRICT_OBJC_MSGSEND = YES;
				GCC_C_LANGUAGE_STANDARD = gnu11;
				GCC_NO_COMMON_BLOCKS = YES;
				GCC_WARN_64_TO_32_BIT_CONVERSION = YES;
				GCC_WARN_ABOUT_RETURN_TYPE = YES_ERROR;
				GCC_WARN_UNDECLARED_SELECTOR = YES;
				GCC_WARN_UNINITIALIZED_AUTOS = YES_AGGRESSIVE;
				GCC_WARN_UNUSED_FUNCTION = YES;
				GCC_WARN_UNUSED_VARIABLE = YES;
				IPHONEOS_DEPLOYMENT_TARGET = 14.4;
				MTL_ENABLE_DEBUG_INFO = NO;
				MTL_FAST_MATH = YES;
				SDKROOT = iphoneos;
				SWIFT_COMPILATION_MODE = wholemodule;
				SWIFT_OPTIMIZATION_LEVEL = "-O";
				VALIDATE_PRODUCT = YES;
			};
			name = Release;
		};
		027BD91B26582D690089501C /* Debug */ = {
			isa = XCBuildConfiguration;
			buildSettings = {
				ASSETCATALOG_COMPILER_APPICON_NAME = AppIcon;
				ASSETCATALOG_COMPILER_GLOBAL_ACCENT_COLOR_NAME = AccentColor;
				CODE_SIGN_STYLE = Automatic;
				DEVELOPMENT_TEAM = JUUZV79G5F;
				INFOPLIST_FILE = PermissionDemo/Info.plist;
				IPHONEOS_DEPLOYMENT_TARGET = 13.0;
				LD_RUNPATH_SEARCH_PATHS = (
					"$(inherited)",
					"@executable_path/Frameworks",
				);
				PRODUCT_BUNDLE_IDENTIFIER = com.iti.PermissionDemo;
				PRODUCT_NAME = "$(TARGET_NAME)";
				SWIFT_VERSION = 5.0;
				TARGETED_DEVICE_FAMILY = "1,2";
			};
			name = Debug;
		};
		027BD91C26582D690089501C /* Release */ = {
			isa = XCBuildConfiguration;
			buildSettings = {
				ASSETCATALOG_COMPILER_APPICON_NAME = AppIcon;
				ASSETCATALOG_COMPILER_GLOBAL_ACCENT_COLOR_NAME = AccentColor;
				CODE_SIGN_STYLE = Automatic;
				DEVELOPMENT_TEAM = JUUZV79G5F;
				INFOPLIST_FILE = PermissionDemo/Info.plist;
				IPHONEOS_DEPLOYMENT_TARGET = 13.0;
				LD_RUNPATH_SEARCH_PATHS = (
					"$(inherited)",
					"@executable_path/Frameworks",
				);
				PRODUCT_BUNDLE_IDENTIFIER = com.iti.PermissionDemo;
				PRODUCT_NAME = "$(TARGET_NAME)";
				SWIFT_VERSION = 5.0;
				TARGETED_DEVICE_FAMILY = "1,2";
			};
			name = Release;
		};
/* End XCBuildConfiguration section */

/* Begin XCConfigurationList section */
		027BD90126582D680089501C /* Build configuration list for PBXProject "PermissionDemo" */ = {
			isa = XCConfigurationList;
			buildConfigurations = (
				027BD91826582D690089501C /* Debug */,
				027BD91926582D690089501C /* Release */,
			);
			defaultConfigurationIsVisible = 0;
			defaultConfigurationName = Release;
		};
		027BD91A26582D690089501C /* Build configuration list for PBXNativeTarget "PermissionDemo" */ = {
			isa = XCConfigurationList;
			buildConfigurations = (
				027BD91B26582D690089501C /* Debug */,
				027BD91C26582D690089501C /* Release */,
			);
			defaultConfigurationIsVisible = 0;
			defaultConfigurationName = Release;
		};
/* End XCConfigurationList section */
	};
	rootObject = 027BD8FE26582D680089501C /* Project object */;
}
